
Microsoft Visual Studio Solution File, Format Version 12.00
# Visual Studio Version 17
VisualStudioVersion = 17.14.36408.4
MinimumVisualStudioVersion = 10.0.40219.1
Project("{FAE04EC0-301F-11D3-BF4B-00C04F79EFBC}") = "ejercicio1", "ejercicio1\ejercicio1.csproj", "{A670442C-1D79-4E10-ACBB-418E51CDF72D}"
EndProject
Project("{FAE04EC0-301F-11D3-BF4B-00C04F79EFBC}") = "ejercicio2", "ejercicio2\ejercicio2.csproj", "{1891154C-8EB6-4352-9E41-0A460BB67AA9}"
EndProject
Project("{FAE04EC0-301F-11D3-BF4B-00C04F79EFBC}") = "ejercicio3", "ejercicio3\ejercicio3.csproj", "{256C9AA0-45E9-42D0-9651-DA804EBF114E}"
EndProject
Project("{FAE04EC0-301F-11D3-BF4B-00C04F79EFBC}") = "ejercicio4", "ejercicio4\ejercicio4.csproj", "{DEFD3B4E-63AC-4AF8-A806-028C70B31A32}"
EndProject
Project("{FAE04EC0-301F-11D3-BF4B-00C04F79EFBC}") = "ejercicio5", "ejercicio5\ejercicio5.csproj", "{3B0B0983-8DAD-4813-B89D-27594CC420F5}"
EndProject
Project("{FAE04EC0-301F-11D3-BF4B-00C04F79EFBC}") = "ejercicio6", "ejercicio6\ejercicio6.csproj", "{32440580-D3FB-4FD2-9CF1-B3E4D5F64C4B}"
EndProject
Project("{FAE04EC0-301F-11D3-BF4B-00C04F79EFBC}") = "ejercicio7", "ejercicio7\ejercicio7.csproj", "{398D75F5-AA66-4292-AD23-73012B4974B0}"
EndProject
Global
	GlobalSection(SolutionConfigurationPlatforms) = preSolution
		Debug|Any CPU = Debug|Any CPU
		Release|Any CPU = Release|Any CPU
	EndGlobalSection
	GlobalSection(ProjectConfigurationPlatforms) = postSolution
		{A670442C-1D79-4E10-ACBB-418E51CDF72D}.Debug|Any CPU.ActiveCfg = Debug|Any CPU
		{A670442C-1D79-4E10-ACBB-418E51CDF72D}.Debug|Any CPU.Build.0 = Debug|Any CPU
		{A670442C-1D79-4E10-ACBB-418E51CDF72D}.Release|Any CPU.ActiveCfg = Release|Any CPU
		{A670442C-1D79-4E10-ACBB-418E51CDF72D}.Release|Any CPU.Build.0 = Release|Any CPU
		{1891154C-8EB6-4352-9E41-0A460BB67AA9}.Debug|Any CPU.ActiveCfg = Debug|Any CPU
		{1891154C-8EB6-4352-9E41-0A460BB67AA9}.Debug|Any CPU.Build.0 = Debug|Any CPU
		{1891154C-8EB6-4352-9E41-0A460BB67AA9}.Release|Any CPU.ActiveCfg = Release|Any CPU
		{1891154C-8EB6-4352-9E41-0A460BB67AA9}.Release|Any CPU.Build.0 = Release|Any CPU
		{256C9AA0-45E9-42D0-9651-DA804EBF114E}.Debug|Any CPU.ActiveCfg = Debug|Any CPU
		{256C9AA0-45E9-42D0-9651-DA804EBF114E}.Debug|Any CPU.Build.0 = Debug|Any CPU
		{256C9AA0-45E9-42D0-9651-DA804EBF114E}.Release|Any CPU.ActiveCfg = Release|Any CPU
		{256C9AA0-45E9-42D0-9651-DA804EBF114E}.Release|Any CPU.Build.0 = Release|Any CPU
		{DEFD3B4E-63AC-4AF8-A806-028C70B31A32}.Debug|Any CPU.ActiveCfg = Debug|Any CPU
		{DEFD3B4E-63AC-4AF8-A806-028C70B31A32}.Debug|Any CPU.Build.0 = Debug|Any CPU
		{DEFD3B4E-63AC-4AF8-A806-028C70B31A32}.Release|Any CPU.ActiveCfg = Release|Any CPU
		{DEFD3B4E-63AC-4AF8-A806-028C70B31A32}.Release|Any CPU.Build.0 = Release|Any CPU
		{3B0B0983-8DAD-4813-B89D-27594CC420F5}.Debug|Any CPU.ActiveCfg = Debug|Any CPU
		{3B0B0983-8DAD-4813-B89D-27594CC420F5}.Debug|Any CPU.Build.0 = Debug|Any CPU
		{3B0B0983-8DAD-4813-B89D-27594CC420F5}.Release|Any CPU.ActiveCfg = Release|Any CPU
		{3B0B0983-8DAD-4813-B89D-27594CC420F5}.Release|Any CPU.Build.0 = Release|Any CPU
		{32440580-D3FB-4FD2-9CF1-B3E4D5F64C4B}.Debug|Any CPU.ActiveCfg = Debug|Any CPU
		{32440580-D3FB-4FD2-9CF1-B3E4D5F64C4B}.Debug|Any CPU.Build.0 = Debug|Any CPU
		{32440580-D3FB-4FD2-9CF1-B3E4D5F64C4B}.Release|Any CPU.ActiveCfg = Release|Any CPU
		{32440580-D3FB-4FD2-9CF1-B3E4D5F64C4B}.Release|Any CPU.Build.0 = Release|Any CPU
		{398D75F5-AA66-4292-AD23-73012B4974B0}.Debug|Any CPU.ActiveCfg = Debug|Any CPU
		{398D75F5-AA66-4292-AD23-73012B4974B0}.Debug|Any CPU.Build.0 = Debug|Any CPU
		{398D75F5-AA66-4292-AD23-73012B4974B0}.Release|Any CPU.ActiveCfg = Release|Any CPU
		{398D75F5-AA66-4292-AD23-73012B4974B0}.Release|Any CPU.Build.0 = Release|Any CPU
	EndGlobalSection
	GlobalSection(SolutionProperties) = preSolution
		HideSolutionNode = FALSE
	EndGlobalSection
	GlobalSection(ExtensibilityGlobals) = postSolution
		SolutionGuid = {1950081C-E76A-4BD1-A9F9-54822027BD3D}
	EndGlobalSection
EndGlobal
